{
  "requires": true,
  "lockfileVersion": 1,
  "dependencies": {
    "classnames": {
      "version": "2.2.6",
      "resolved": "https://registry.npmjs.org/classnames/-/classnames-2.2.6.tgz",
      "integrity": "sha512-JR/iSQOSt+LQIWwrwEzJ9uk0xfN3mTVYMwt1Ir5mUcSN6pU+V4zQFFaJsclJbPuAUQH+yfWef6tm7l1quW3C8Q=="
    },
    "core-js": {
      "version": "3.4.1",
      "resolved": "https://registry.npmjs.org/core-js/-/core-js-3.4.1.tgz",
      "integrity": "sha512-KX/dnuY/J8FtEwbnrzmAjUYgLqtk+cxM86hfG60LGiW3MmltIc2yAmDgBgEkfm0blZhUrdr1Zd84J2Y14mLxzg=="
    },
    "feather-icons": {
      "version": "4.24.1",
      "resolved": "https://registry.npmjs.org/feather-icons/-/feather-icons-4.24.1.tgz",
      "integrity": "sha512-CGBzG9L9M2sNWEpLY2HJgacW4q1KzypMqLiCPQRr6t4uDDXqYprWRWKcHEwD/vDDiDnkSS7N4L5BLYwjGGH8pw==",
      "requires": {
        "classnames": "^2.2.5",
        "core-js": "^3.1.3"
      }
    },
    "timelinejs-slider": {
      "version": "0.1.0",
      "resolved": "https://registry.npmjs.org/timelinejs-slider/-/timelinejs-slider-0.1.0.tgz",
      "integrity": "sha1-pkJHUlpdy+Yo4GF/hpWzpP9aZ9o="
    }
  }
}
